
Microsoft Visual Studio Solution File, Format Version 12.00
# Visual Studio 15
VisualStudioVersion = 15.0.26430.6
MinimumVisualStudioVersion = 10.0.40219.1
Project("{FAE04EC0-301F-11D3-BF4B-00C04F79EFBC}") = "HitchhikingCompetition.Android", "HitchhikingCompetition\HitchhikingCompetition.Android\HitchhikingCompetition.Android.csproj", "{83C84167-CF6C-4BE2-8CEB-D11B19A5D484}"
EndProject
Project("{FAE04EC0-301F-11D3-BF4B-00C04F79EFBC}") = "HitchhikingCompetition", "HitchhikingCompetition\HitchhikingCompetition\HitchhikingCompetition.csproj", "{59819178-F693-4267-8E8A-2430B58FBBC4}"
EndProject
Project("{FAE04EC0-301F-11D3-BF4B-00C04F79EFBC}") = "HitchhikingCompetition.UWP", "HitchhikingCompetition\HitchhikingCompetition.UWP\HitchhikingCompetition.UWP.csproj", "{C34043D4-A942-415B-AE9F-B0C4F567208C}"
EndProject
Project("{FAE04EC0-301F-11D3-BF4B-00C04F79EFBC}") = "HitchhikingCompetition.iOS", "HitchhikingCompetition\HitchhikingCompetition.iOS\HitchhikingCompetition.iOS.csproj", "{6AA32BB1-B568-477A-87FA-5D5258DE04BB}"
EndProject
Global
	GlobalSection(SolutionConfigurationPlatforms) = preSolution
		Ad-Hoc|Any CPU = Ad-Hoc|Any CPU
		Ad-Hoc|ARM = Ad-Hoc|ARM
		Ad-Hoc|iPhone = Ad-Hoc|iPhone
		Ad-Hoc|iPhoneSimulator = Ad-Hoc|iPhoneSimulator
		Ad-Hoc|x64 = Ad-Hoc|x64
		Ad-Hoc|x86 = Ad-Hoc|x86
		AppStore|Any CPU = AppStore|Any CPU
		AppStore|ARM = AppStore|ARM
		AppStore|iPhone = AppStore|iPhone
		AppStore|iPhoneSimulator = AppStore|iPhoneSimulator
		AppStore|x64 = AppStore|x64
		AppStore|x86 = AppStore|x86
		Debug|Any CPU = Debug|Any CPU
		Debug|ARM = Debug|ARM
		Debug|iPhone = Debug|iPhone
		Debug|iPhoneSimulator = Debug|iPhoneSimulator
		Debug|x64 = Debug|x64
		Debug|x86 = Debug|x86
		Release|Any CPU = Release|Any CPU
		Release|ARM = Release|ARM
		Release|iPhone = Release|iPhone
		Release|iPhoneSimulator = Release|iPhoneSimulator
		Release|x64 = Release|x64
		Release|x86 = Release|x86
	EndGlobalSection
	GlobalSection(ProjectConfigurationPlatforms) = postSolution
		{83C84167-CF6C-4BE2-8CEB-D11B19A5D484}.Ad-Hoc|Any CPU.ActiveCfg = Release|Any CPU
		{83C84167-CF6C-4BE2-8CEB-D11B19A5D484}.Ad-Hoc|Any CPU.Build.0 = Release|Any CPU
		{83C84167-CF6C-4BE2-8CEB-D11B19A5D484}.Ad-Hoc|Any CPU.Deploy.0 = Release|Any CPU
		{83C84167-CF6C-4BE2-8CEB-D11B19A5D484}.Ad-Hoc|ARM.ActiveCfg = Release|Any CPU
		{83C84167-CF6C-4BE2-8CEB-D11B19A5D484}.Ad-Hoc|ARM.Build.0 = Release|Any CPU
		{83C84167-CF6C-4BE2-8CEB-D11B19A5D484}.Ad-Hoc|ARM.Deploy.0 = Release|Any CPU
		{83C84167-CF6C-4BE2-8CEB-D11B19A5D484}.Ad-Hoc|iPhone.ActiveCfg = Release|Any CPU
		{83C84167-CF6C-4BE2-8CEB-D11B19A5D484}.Ad-Hoc|iPhone.Build.0 = Release|Any CPU
		{83C84167-CF6C-4BE2-8CEB-D11B19A5D484}.Ad-Hoc|iPhone.Deploy.0 = Release|Any CPU
		{83C84167-CF6C-4BE2-8CEB-D11B19A5D484}.Ad-Hoc|iPhoneSimulator.ActiveCfg = Release|Any CPU
		{83C84167-CF6C-4BE2-8CEB-D11B19A5D484}.Ad-Hoc|iPhoneSimulator.Build.0 = Release|Any CPU
		{83C84167-CF6C-4BE2-8CEB-D11B19A5D484}.Ad-Hoc|iPhoneSimulator.Deploy.0 = Release|Any CPU
		{83C84167-CF6C-4BE2-8CEB-D11B19A5D484}.Ad-Hoc|x64.ActiveCfg = Release|Any CPU
		{83C84167-CF6C-4BE2-8CEB-D11B19A5D484}.Ad-Hoc|x64.Build.0 = Release|Any CPU
		{83C84167-CF6C-4BE2-8CEB-D11B19A5D484}.Ad-Hoc|x64.Deploy.0 = Release|Any CPU
		{83C84167-CF6C-4BE2-8CEB-D11B19A5D484}.Ad-Hoc|x86.ActiveCfg = Release|Any CPU
		{83C84167-CF6C-4BE2-8CEB-D11B19A5D484}.Ad-Hoc|x86.Build.0 = Release|Any CPU
		{83C84167-CF6C-4BE2-8CEB-D11B19A5D484}.Ad-Hoc|x86.Deploy.0 = Release|Any CPU
		{83C84167-CF6C-4BE2-8CEB-D11B19A5D484}.AppStore|Any CPU.ActiveCfg = Release|Any CPU
		{83C84167-CF6C-4BE2-8CEB-D11B19A5D484}.AppStore|Any CPU.Build.0 = Release|Any CPU
		{83C84167-CF6C-4BE2-8CEB-D11B19A5D484}.AppStore|Any CPU.Deploy.0 = Release|Any CPU
		{83C84167-CF6C-4BE2-8CEB-D11B19A5D484}.AppStore|ARM.ActiveCfg = Release|Any CPU
		{83C84167-CF6C-4BE2-8CEB-D11B19A5D484}.AppStore|ARM.Build.0 = Release|Any CPU
		{83C84167-CF6C-4BE2-8CEB-D11B19A5D484}.AppStore|ARM.Deploy.0 = Release|Any CPU
		{83C84167-CF6C-4BE2-8CEB-D11B19A5D484}.AppStore|iPhone.ActiveCfg = Release|Any CPU
		{83C84167-CF6C-4BE2-8CEB-D11B19A5D484}.AppStore|iPhone.Build.0 = Release|Any CPU
		{83C84167-CF6C-4BE2-8CEB-D11B19A5D484}.AppStore|iPhone.Deploy.0 = Release|Any CPU
		{83C84167-CF6C-4BE2-8CEB-D11B19A5D484}.AppStore|iPhoneSimulator.ActiveCfg = Release|Any CPU
		{83C84167-CF6C-4BE2-8CEB-D11B19A5D484}.AppStore|iPhoneSimulator.Build.0 = Release|Any CPU
		{83C84167-CF6C-4BE2-8CEB-D11B19A5D484}.AppStore|iPhoneSimulator.Deploy.0 = Release|Any CPU
		{83C84167-CF6C-4BE2-8CEB-D11B19A5D484}.AppStore|x64.ActiveCfg = Release|Any CPU
		{83C84167-CF6C-4BE2-8CEB-D11B19A5D484}.AppStore|x64.Build.0 = Release|Any CPU
		{83C84167-CF6C-4BE2-8CEB-D11B19A5D484}.AppStore|x64.Deploy.0 = Release|Any CPU
		{83C84167-CF6C-4BE2-8CEB-D11B19A5D484}.AppStore|x86.ActiveCfg = Release|Any CPU
		{83C84167-CF6C-4BE2-8CEB-D11B19A5D484}.AppStore|x86.Build.0 = Release|Any CPU
		{83C84167-CF6C-4BE2-8CEB-D11B19A5D484}.AppStore|x86.Deploy.0 = Release|Any CPU
		{83C84167-CF6C-4BE2-8CEB-D11B19A5D484}.Debug|Any CPU.ActiveCfg = Debug|Any CPU
		{83C84167-CF6C-4BE2-8CEB-D11B19A5D484}.Debug|Any CPU.Build.0 = Debug|Any CPU
		{83C84167-CF6C-4BE2-8CEB-D11B19A5D484}.Debug|Any CPU.Deploy.0 = Debug|Any CPU
		{83C84167-CF6C-4BE2-8CEB-D11B19A5D484}.Debug|ARM.ActiveCfg = Debug|Any CPU
		{83C84167-CF6C-4BE2-8CEB-D11B19A5D484}.Debug|ARM.Build.0 = Debug|Any CPU
		{83C84167-CF6C-4BE2-8CEB-D11B19A5D484}.Debug|ARM.Deploy.0 = Debug|Any CPU
		{83C84167-CF6C-4BE2-8CEB-D11B19A5D484}.Debug|iPhone.ActiveCfg = Debug|Any CPU
		{83C84167-CF6C-4BE2-8CEB-D11B19A5D484}.Debug|iPhone.Build.0 = Debug|Any CPU
		{83C84167-CF6C-4BE2-8CEB-D11B19A5D484}.Debug|iPhone.Deploy.0 = Debug|Any CPU
		{83C84167-CF6C-4BE2-8CEB-D11B19A5D484}.Debug|iPhoneSimulator.ActiveCfg = Debug|Any CPU
		{83C84167-CF6C-4BE2-8CEB-D11B19A5D484}.Debug|iPhoneSimulator.Build.0 = Debug|Any CPU
		{83C84167-CF6C-4BE2-8CEB-D11B19A5D484}.Debug|iPhoneSimulator.Deploy.0 = Debug|Any CPU
		{83C84167-CF6C-4BE2-8CEB-D11B19A5D484}.Debug|x64.ActiveCfg = Debug|Any CPU
		{83C84167-CF6C-4BE2-8CEB-D11B19A5D484}.Debug|x64.Build.0 = Debug|Any CPU
		{83C84167-CF6C-4BE2-8CEB-D11B19A5D484}.Debug|x64.Deploy.0 = Debug|Any CPU
		{83C84167-CF6C-4BE2-8CEB-D11B19A5D484}.Debug|x86.ActiveCfg = Debug|Any CPU
		{83C84167-CF6C-4BE2-8CEB-D11B19A5D484}.Debug|x86.Build.0 = Debug|Any CPU
		{83C84167-CF6C-4BE2-8CEB-D11B19A5D484}.Debug|x86.Deploy.0 = Debug|Any CPU
		{83C84167-CF6C-4BE2-8CEB-D11B19A5D484}.Release|Any CPU.ActiveCfg = Release|Any CPU
		{83C84167-CF6C-4BE2-8CEB-D11B19A5D484}.Release|Any CPU.Build.0 = Release|Any CPU
		{83C84167-CF6C-4BE2-8CEB-D11B19A5D484}.Release|Any CPU.Deploy.0 = Release|Any CPU
		{83C84167-CF6C-4BE2-8CEB-D11B19A5D484}.Release|ARM.ActiveCfg = Release|Any CPU
		{83C84167-CF6C-4BE2-8CEB-D11B19A5D484}.Release|ARM.Build.0 = Release|Any CPU
		{83C84167-CF6C-4BE2-8CEB-D11B19A5D484}.Release|ARM.Deploy.0 = Release|Any CPU
		{83C84167-CF6C-4BE2-8CEB-D11B19A5D484}.Release|iPhone.ActiveCfg = Release|Any CPU
		{83C84167-CF6C-4BE2-8CEB-D11B19A5D484}.Release|iPhone.Build.0 = Release|Any CPU
		{83C84167-CF6C-4BE2-8CEB-D11B19A5D484}.Release|iPhone.Deploy.0 = Release|Any CPU
		{83C84167-CF6C-4BE2-8CEB-D11B19A5D484}.Release|iPhoneSimulator.ActiveCfg = Release|Any CPU
		{83C84167-CF6C-4BE2-8CEB-D11B19A5D484}.Release|iPhoneSimulator.Build.0 = Release|Any CPU
		{83C84167-CF6C-4BE2-8CEB-D11B19A5D484}.Release|iPhoneSimulator.Deploy.0 = Release|Any CPU
		{83C84167-CF6C-4BE2-8CEB-D11B19A5D484}.Release|x64.ActiveCfg = Release|Any CPU
		{83C84167-CF6C-4BE2-8CEB-D11B19A5D484}.Release|x64.Build.0 = Release|Any CPU
		{83C84167-CF6C-4BE2-8CEB-D11B19A5D484}.Release|x64.Deploy.0 = Release|Any CPU
		{83C84167-CF6C-4BE2-8CEB-D11B19A5D484}.Release|x86.ActiveCfg = Release|Any CPU
		{83C84167-CF6C-4BE2-8CEB-D11B19A5D484}.Release|x86.Build.0 = Release|Any CPU
		{83C84167-CF6C-4BE2-8CEB-D11B19A5D484}.Release|x86.Deploy.0 = Release|Any CPU
		{59819178-F693-4267-8E8A-2430B58FBBC4}.Ad-Hoc|Any CPU.ActiveCfg = Release|Any CPU
		{59819178-F693-4267-8E8A-2430B58FBBC4}.Ad-Hoc|Any CPU.Build.0 = Release|Any CPU
		{59819178-F693-4267-8E8A-2430B58FBBC4}.Ad-Hoc|ARM.ActiveCfg = Release|Any CPU
		{59819178-F693-4267-8E8A-2430B58FBBC4}.Ad-Hoc|ARM.Build.0 = Release|Any CPU
		{59819178-F693-4267-8E8A-2430B58FBBC4}.Ad-Hoc|iPhone.ActiveCfg = Release|Any CPU
		{59819178-F693-4267-8E8A-2430B58FBBC4}.Ad-Hoc|iPhone.Build.0 = Release|Any CPU
		{59819178-F693-4267-8E8A-2430B58FBBC4}.Ad-Hoc|iPhoneSimulator.ActiveCfg = Release|Any CPU
		{59819178-F693-4267-8E8A-2430B58FBBC4}.Ad-Hoc|iPhoneSimulator.Build.0 = Release|Any CPU
		{59819178-F693-4267-8E8A-2430B58FBBC4}.Ad-Hoc|x64.ActiveCfg = Release|Any CPU
		{59819178-F693-4267-8E8A-2430B58FBBC4}.Ad-Hoc|x64.Build.0 = Release|Any CPU
		{59819178-F693-4267-8E8A-2430B58FBBC4}.Ad-Hoc|x86.ActiveCfg = Release|Any CPU
		{59819178-F693-4267-8E8A-2430B58FBBC4}.Ad-Hoc|x86.Build.0 = Release|Any CPU
		{59819178-F693-4267-8E8A-2430B58FBBC4}.AppStore|Any CPU.ActiveCfg = Release|Any CPU
		{59819178-F693-4267-8E8A-2430B58FBBC4}.AppStore|Any CPU.Build.0 = Release|Any CPU
		{59819178-F693-4267-8E8A-2430B58FBBC4}.AppStore|ARM.ActiveCfg = Release|Any CPU
		{59819178-F693-4267-8E8A-2430B58FBBC4}.AppStore|ARM.Build.0 = Release|Any CPU
		{59819178-F693-4267-8E8A-2430B58FBBC4}.AppStore|iPhone.ActiveCfg = Release|Any CPU
		{59819178-F693-4267-8E8A-2430B58FBBC4}.AppStore|iPhone.Build.0 = Release|Any CPU
		{59819178-F693-4267-8E8A-2430B58FBBC4}.AppStore|iPhoneSimulator.ActiveCfg = Release|Any CPU
		{59819178-F693-4267-8E8A-2430B58FBBC4}.AppStore|iPhoneSimulator.Build.0 = Release|Any CPU
		{59819178-F693-4267-8E8A-2430B58FBBC4}.AppStore|x64.ActiveCfg = Release|Any CPU
		{59819178-F693-4267-8E8A-2430B58FBBC4}.AppStore|x64.Build.0 = Release|Any CPU
		{59819178-F693-4267-8E8A-2430B58FBBC4}.AppStore|x86.ActiveCfg = Release|Any CPU
		{59819178-F693-4267-8E8A-2430B58FBBC4}.AppStore|x86.Build.0 = Release|Any CPU
		{59819178-F693-4267-8E8A-2430B58FBBC4}.Debug|Any CPU.ActiveCfg = Debug|Any CPU
		{59819178-F693-4267-8E8A-2430B58FBBC4}.Debug|Any CPU.Build.0 = Debug|Any CPU
		{59819178-F693-4267-8E8A-2430B58FBBC4}.Debug|ARM.ActiveCfg = Debug|Any CPU
		{59819178-F693-4267-8E8A-2430B58FBBC4}.Debug|ARM.Build.0 = Debug|Any CPU
		{59819178-F693-4267-8E8A-2430B58FBBC4}.Debug|iPhone.ActiveCfg = Debug|Any CPU
		{59819178-F693-4267-8E8A-2430B58FBBC4}.Debug|iPhone.Build.0 = Debug|Any CPU
		{59819178-F693-4267-8E8A-2430B58FBBC4}.Debug|iPhoneSimulator.ActiveCfg = Debug|Any CPU
		{59819178-F693-4267-8E8A-2430B58FBBC4}.Debug|iPhoneSimulator.Build.0 = Debug|Any CPU
		{59819178-F693-4267-8E8A-2430B58FBBC4}.Debug|x64.ActiveCfg = Debug|Any CPU
		{59819178-F693-4267-8E8A-2430B58FBBC4}.Debug|x64.Build.0 = Debug|Any CPU
		{59819178-F693-4267-8E8A-2430B58FBBC4}.Debug|x86.ActiveCfg = Debug|Any CPU
		{59819178-F693-4267-8E8A-2430B58FBBC4}.Debug|x86.Build.0 = Debug|Any CPU
		{59819178-F693-4267-8E8A-2430B58FBBC4}.Release|Any CPU.ActiveCfg = Release|Any CPU
		{59819178-F693-4267-8E8A-2430B58FBBC4}.Release|Any CPU.Build.0 = Release|Any CPU
		{59819178-F693-4267-8E8A-2430B58FBBC4}.Release|ARM.ActiveCfg = Release|Any CPU
		{59819178-F693-4267-8E8A-2430B58FBBC4}.Release|ARM.Build.0 = Release|Any CPU
		{59819178-F693-4267-8E8A-2430B58FBBC4}.Release|iPhone.ActiveCfg = Release|Any CPU
		{59819178-F693-4267-8E8A-2430B58FBBC4}.Release|iPhone.Build.0 = Release|Any CPU
		{59819178-F693-4267-8E8A-2430B58FBBC4}.Release|iPhoneSimulator.ActiveCfg = Release|Any CPU
		{59819178-F693-4267-8E8A-2430B58FBBC4}.Release|iPhoneSimulator.Build.0 = Release|Any CPU
		{59819178-F693-4267-8E8A-2430B58FBBC4}.Release|x64.ActiveCfg = Release|Any CPU
		{59819178-F693-4267-8E8A-2430B58FBBC4}.Release|x64.Build.0 = Release|Any CPU
		{59819178-F693-4267-8E8A-2430B58FBBC4}.Release|x86.ActiveCfg = Release|Any CPU
		{59819178-F693-4267-8E8A-2430B58FBBC4}.Release|x86.Build.0 = Release|Any CPU
		{C34043D4-A942-415B-AE9F-B0C4F567208C}.Ad-Hoc|Any CPU.ActiveCfg = Release|x86
		{C34043D4-A942-415B-AE9F-B0C4F567208C}.Ad-Hoc|Any CPU.Build.0 = Release|x86
		{C34043D4-A942-415B-AE9F-B0C4F567208C}.Ad-Hoc|Any CPU.Deploy.0 = Release|x86
		{C34043D4-A942-415B-AE9F-B0C4F567208C}.Ad-Hoc|ARM.ActiveCfg = Release|ARM
		{C34043D4-A942-415B-AE9F-B0C4F567208C}.Ad-Hoc|ARM.Build.0 = Release|ARM
		{C34043D4-A942-415B-AE9F-B0C4F567208C}.Ad-Hoc|ARM.Deploy.0 = Release|ARM
		{C34043D4-A942-415B-AE9F-B0C4F567208C}.Ad-Hoc|iPhone.ActiveCfg = Release|x86
		{C34043D4-A942-415B-AE9F-B0C4F567208C}.Ad-Hoc|iPhone.Build.0 = Release|x86
		{C34043D4-A942-415B-AE9F-B0C4F567208C}.Ad-Hoc|iPhone.Deploy.0 = Release|x86
		{C34043D4-A942-415B-AE9F-B0C4F567208C}.Ad-Hoc|iPhoneSimulator.ActiveCfg = Release|x86
		{C34043D4-A942-415B-AE9F-B0C4F567208C}.Ad-Hoc|iPhoneSimulator.Build.0 = Release|x86
		{C34043D4-A942-415B-AE9F-B0C4F567208C}.Ad-Hoc|iPhoneSimulator.Deploy.0 = Release|x86
		{C34043D4-A942-415B-AE9F-B0C4F567208C}.Ad-Hoc|x64.ActiveCfg = Release|x64
		{C34043D4-A942-415B-AE9F-B0C4F567208C}.Ad-Hoc|x64.Build.0 = Release|x64
		{C34043D4-A942-415B-AE9F-B0C4F567208C}.Ad-Hoc|x64.Deploy.0 = Release|x64
		{C34043D4-A942-415B-AE9F-B0C4F567208C}.Ad-Hoc|x86.ActiveCfg = Release|x86
		{C34043D4-A942-415B-AE9F-B0C4F567208C}.Ad-Hoc|x86.Build.0 = Release|x86
		{C34043D4-A942-415B-AE9F-B0C4F567208C}.Ad-Hoc|x86.Deploy.0 = Release|x86
		{C34043D4-A942-415B-AE9F-B0C4F567208C}.AppStore|Any CPU.ActiveCfg = Release|x86
		{C34043D4-A942-415B-AE9F-B0C4F567208C}.AppStore|Any CPU.Build.0 = Release|x86
		{C34043D4-A942-415B-AE9F-B0C4F567208C}.AppStore|Any CPU.Deploy.0 = Release|x86
		{C34043D4-A942-415B-AE9F-B0C4F567208C}.AppStore|ARM.ActiveCfg = Release|ARM
		{C34043D4-A942-415B-AE9F-B0C4F567208C}.AppStore|ARM.Build.0 = Release|ARM
		{C34043D4-A942-415B-AE9F-B0C4F567208C}.AppStore|ARM.Deploy.0 = Release|ARM
		{C34043D4-A942-415B-AE9F-B0C4F567208C}.AppStore|iPhone.ActiveCfg = Release|x86
		{C34043D4-A942-415B-AE9F-B0C4F567208C}.AppStore|iPhone.Build.0 = Release|x86
		{C34043D4-A942-415B-AE9F-B0C4F567208C}.AppStore|iPhone.Deploy.0 = Release|x86
		{C34043D4-A942-415B-AE9F-B0C4F567208C}.AppStore|iPhoneSimulator.ActiveCfg = Release|x86
		{C34043D4-A942-415B-AE9F-B0C4F567208C}.AppStore|iPhoneSimulator.Build.0 = Release|x86
		{C34043D4-A942-415B-AE9F-B0C4F567208C}.AppStore|iPhoneSimulator.Deploy.0 = Release|x86
		{C34043D4-A942-415B-AE9F-B0C4F567208C}.AppStore|x64.ActiveCfg = Release|x64
		{C34043D4-A942-415B-AE9F-B0C4F567208C}.AppStore|x64.Build.0 = Release|x64
		{C34043D4-A942-415B-AE9F-B0C4F567208C}.AppStore|x64.Deploy.0 = Release|x64
		{C34043D4-A942-415B-AE9F-B0C4F567208C}.AppStore|x86.ActiveCfg = Release|x86
		{C34043D4-A942-415B-AE9F-B0C4F567208C}.AppStore|x86.Build.0 = Release|x86
		{C34043D4-A942-415B-AE9F-B0C4F567208C}.AppStore|x86.Deploy.0 = Release|x86
		{C34043D4-A942-415B-AE9F-B0C4F567208C}.Debug|Any CPU.ActiveCfg = Debug|x86
		{C34043D4-A942-415B-AE9F-B0C4F567208C}.Debug|ARM.ActiveCfg = Debug|ARM
		{C34043D4-A942-415B-AE9F-B0C4F567208C}.Debug|ARM.Build.0 = Debug|ARM
		{C34043D4-A942-415B-AE9F-B0C4F567208C}.Debug|ARM.Deploy.0 = Debug|ARM
		{C34043D4-A942-415B-AE9F-B0C4F567208C}.Debug|iPhone.ActiveCfg = Debug|x86
		{C34043D4-A942-415B-AE9F-B0C4F567208C}.Debug|iPhoneSimulator.ActiveCfg = Debug|x86
		{C34043D4-A942-415B-AE9F-B0C4F567208C}.Debug|x64.ActiveCfg = Debug|x64
		{C34043D4-A942-415B-AE9F-B0C4F567208C}.Debug|x64.Build.0 = Debug|x64
		{C34043D4-A942-415B-AE9F-B0C4F567208C}.Debug|x64.Deploy.0 = Debug|x64
		{C34043D4-A942-415B-AE9F-B0C4F567208C}.Debug|x86.ActiveCfg = Debug|x86
		{C34043D4-A942-415B-AE9F-B0C4F567208C}.Debug|x86.Build.0 = Debug|x86
		{C34043D4-A942-415B-AE9F-B0C4F567208C}.Debug|x86.Deploy.0 = Debug|x86
		{C34043D4-A942-415B-AE9F-B0C4F567208C}.Release|Any CPU.ActiveCfg = Release|x86
		{C34043D4-A942-415B-AE9F-B0C4F567208C}.Release|ARM.ActiveCfg = Release|ARM
		{C34043D4-A942-415B-AE9F-B0C4F567208C}.Release|ARM.Build.0 = Release|ARM
		{C34043D4-A942-415B-AE9F-B0C4F567208C}.Release|ARM.Deploy.0 = Release|ARM
		{C34043D4-A942-415B-AE9F-B0C4F567208C}.Release|iPhone.ActiveCfg = Release|x86
		{C34043D4-A942-415B-AE9F-B0C4F567208C}.Release|iPhoneSimulator.ActiveCfg = Release|x86
		{C34043D4-A942-415B-AE9F-B0C4F567208C}.Release|x64.ActiveCfg = Release|x64
		{C34043D4-A942-415B-AE9F-B0C4F567208C}.Release|x64.Build.0 = Release|x64
		{C34043D4-A942-415B-AE9F-B0C4F567208C}.Release|x64.Deploy.0 = Release|x64
		{C34043D4-A942-415B-AE9F-B0C4F567208C}.Release|x86.ActiveCfg = Release|x86
		{C34043D4-A942-415B-AE9F-B0C4F567208C}.Release|x86.Build.0 = Release|x86
		{C34043D4-A942-415B-AE9F-B0C4F567208C}.Release|x86.Deploy.0 = Release|x86
		{6AA32BB1-B568-477A-87FA-5D5258DE04BB}.Ad-Hoc|Any CPU.ActiveCfg = Ad-Hoc|iPhone
		{6AA32BB1-B568-477A-87FA-5D5258DE04BB}.Ad-Hoc|ARM.ActiveCfg = Ad-Hoc|iPhone
		{6AA32BB1-B568-477A-87FA-5D5258DE04BB}.Ad-Hoc|iPhone.ActiveCfg = Ad-Hoc|iPhone
		{6AA32BB1-B568-477A-87FA-5D5258DE04BB}.Ad-Hoc|iPhone.Build.0 = Ad-Hoc|iPhone
		{6AA32BB1-B568-477A-87FA-5D5258DE04BB}.Ad-Hoc|iPhoneSimulator.ActiveCfg = Ad-Hoc|iPhoneSimulator
		{6AA32BB1-B568-477A-87FA-5D5258DE04BB}.Ad-Hoc|iPhoneSimulator.Build.0 = Ad-Hoc|iPhoneSimulator
		{6AA32BB1-B568-477A-87FA-5D5258DE04BB}.Ad-Hoc|x64.ActiveCfg = Ad-Hoc|iPhone
		{6AA32BB1-B568-477A-87FA-5D5258DE04BB}.Ad-Hoc|x86.ActiveCfg = Ad-Hoc|iPhone
		{6AA32BB1-B568-477A-87FA-5D5258DE04BB}.AppStore|Any CPU.ActiveCfg = AppStore|iPhone
		{6AA32BB1-B568-477A-87FA-5D5258DE04BB}.AppStore|ARM.ActiveCfg = AppStore|iPhone
		{6AA32BB1-B568-477A-87FA-5D5258DE04BB}.AppStore|iPhone.ActiveCfg = AppStore|iPhone
		{6AA32BB1-B568-477A-87FA-5D5258DE04BB}.AppStore|iPhone.Build.0 = AppStore|iPhone
		{6AA32BB1-B568-477A-87FA-5D5258DE04BB}.AppStore|iPhoneSimulator.ActiveCfg = AppStore|iPhoneSimulator
		{6AA32BB1-B568-477A-87FA-5D5258DE04BB}.AppStore|iPhoneSimulator.Build.0 = AppStore|iPhoneSimulator
		{6AA32BB1-B568-477A-87FA-5D5258DE04BB}.AppStore|x64.ActiveCfg = AppStore|iPhone
		{6AA32BB1-B568-477A-87FA-5D5258DE04BB}.AppStore|x86.ActiveCfg = AppStore|iPhone
		{6AA32BB1-B568-477A-87FA-5D5258DE04BB}.Debug|Any CPU.ActiveCfg = Debug|iPhone
		{6AA32BB1-B568-477A-87FA-5D5258DE04BB}.Debug|ARM.ActiveCfg = Debug|iPhone
		{6AA32BB1-B568-477A-87FA-5D5258DE04BB}.Debug|iPhone.ActiveCfg = Debug|iPhone
		{6AA32BB1-B568-477A-87FA-5D5258DE04BB}.Debug|iPhone.Build.0 = Debug|iPhone
		{6AA32BB1-B568-477A-87FA-5D5258DE04BB}.Debug|iPhoneSimulator.ActiveCfg = Debug|iPhoneSimulator
		{6AA32BB1-B568-477A-87FA-5D5258DE04BB}.Debug|iPhoneSimulator.Build.0 = Debug|iPhoneSimulator
		{6AA32BB1-B568-477A-87FA-5D5258DE04BB}.Debug|x64.ActiveCfg = Debug|iPhone
		{6AA32BB1-B568-477A-87FA-5D5258DE04BB}.Debug|x86.ActiveCfg = Debug|iPhone
		{6AA32BB1-B568-477A-87FA-5D5258DE04BB}.Release|Any CPU.ActiveCfg = Release|iPhone
		{6AA32BB1-B568-477A-87FA-5D5258DE04BB}.Release|ARM.ActiveCfg = Release|iPhone
		{6AA32BB1-B568-477A-87FA-5D5258DE04BB}.Release|iPhone.ActiveCfg = Release|iPhone
		{6AA32BB1-B568-477A-87FA-5D5258DE04BB}.Release|iPhone.Build.0 = Release|iPhone
		{6AA32BB1-B568-477A-87FA-5D5258DE04BB}.Release|iPhoneSimulator.ActiveCfg = Release|iPhoneSimulator
		{6AA32BB1-B568-477A-87FA-5D5258DE04BB}.Release|iPhoneSimulator.Build.0 = Release|iPhoneSimulator
		{6AA32BB1-B568-477A-87FA-5D5258DE04BB}.Release|x64.ActiveCfg = Release|iPhone
		{6AA32BB1-B568-477A-87FA-5D5258DE04BB}.Release|x86.ActiveCfg = Release|iPhone
	EndGlobalSection
	GlobalSection(SolutionProperties) = preSolution
		HideSolutionNode = FALSE
	EndGlobalSection
EndGlobal
